
Microsoft Visual Studio Solution File, Format Version 12.00
# Visual Studio Version 17
VisualStudioVersion = 17.0.31903.59
MinimumVisualStudioVersion = 10.0.40219.1
Project("{2150E333-8FDC-42A3-9474-1A3956D46DE8}") = "src", "src", "{827E0CD3-B72D-47B6-A68D-7590B98EB39B}"
EndProject
Project("{FAE04EC0-301F-11D3-BF4B-00C04F79EFBC}") = "BFA.Web", "src\BFA.Web\BFA.Web.csproj", "{52630A80-5445-4073-8BCC-84C6A98C58FF}"
EndProject
Project("{FAE04EC0-301F-11D3-BF4B-00C04F79EFBC}") = "BFA.Application", "src\BFA.Application\BFA.Application.csproj", "{F7CAC956-AF4E-4469-8920-D68BA46FE974}"
EndProject
Project("{FAE04EC0-301F-11D3-BF4B-00C04F79EFBC}") = "BFA.Domain", "src\BFA.Domain\BFA.Domain.csproj", "{084DF862-3967-4766-A3D3-A2B575241F99}"
EndProject
Project("{FAE04EC0-301F-11D3-BF4B-00C04F79EFBC}") = "BFA.Infrastructure", "src\BFA.Infrastructure\BFA.Infrastructure.csproj", "{0F10B313-88CF-4F34-8E6A-4549EE051846}"
EndProject
Project("{2150E333-8FDC-42A3-9474-1A3956D46DE8}") = "tests", "tests", "{0AB3BF05-4346-4AA6-1389-037BE0695223}"
EndProject
Project("{FAE04EC0-301F-11D3-BF4B-00C04F79EFBC}") = "BFA.UnitTests", "tests\BFA.UnitTests\BFA.UnitTests.csproj", "{C65BF043-0424-4330-B929-C29797FAA85B}"
EndProject
Project("{FAE04EC0-301F-11D3-BF4B-00C04F79EFBC}") = "BFA.IntegrationTests", "tests\BFA.IntegrationTests\BFA.IntegrationTests.csproj", "{0E1D1BBC-4288-424B-929A-B182C8D71D82}"
EndProject
Global
	GlobalSection(SolutionConfigurationPlatforms) = preSolution
		Debug|Any CPU = Debug|Any CPU
		Debug|x64 = Debug|x64
		Debug|x86 = Debug|x86
		Release|Any CPU = Release|Any CPU
		Release|x64 = Release|x64
		Release|x86 = Release|x86
	EndGlobalSection
	GlobalSection(ProjectConfigurationPlatforms) = postSolution
		{52630A80-5445-4073-8BCC-84C6A98C58FF}.Debug|Any CPU.ActiveCfg = Debug|Any CPU
		{52630A80-5445-4073-8BCC-84C6A98C58FF}.Debug|Any CPU.Build.0 = Debug|Any CPU
		{52630A80-5445-4073-8BCC-84C6A98C58FF}.Debug|x64.ActiveCfg = Debug|Any CPU
		{52630A80-5445-4073-8BCC-84C6A98C58FF}.Debug|x64.Build.0 = Debug|Any CPU
		{52630A80-5445-4073-8BCC-84C6A98C58FF}.Debug|x86.ActiveCfg = Debug|Any CPU
		{52630A80-5445-4073-8BCC-84C6A98C58FF}.Debug|x86.Build.0 = Debug|Any CPU
		{52630A80-5445-4073-8BCC-84C6A98C58FF}.Release|Any CPU.ActiveCfg = Release|Any CPU
		{52630A80-5445-4073-8BCC-84C6A98C58FF}.Release|Any CPU.Build.0 = Release|Any CPU
		{52630A80-5445-4073-8BCC-84C6A98C58FF}.Release|x64.ActiveCfg = Release|Any CPU
		{52630A80-5445-4073-8BCC-84C6A98C58FF}.Release|x64.Build.0 = Release|Any CPU
		{52630A80-5445-4073-8BCC-84C6A98C58FF}.Release|x86.ActiveCfg = Release|Any CPU
		{52630A80-5445-4073-8BCC-84C6A98C58FF}.Release|x86.Build.0 = Release|Any CPU
		{F7CAC956-AF4E-4469-8920-D68BA46FE974}.Debug|Any CPU.ActiveCfg = Debug|Any CPU
		{F7CAC956-AF4E-4469-8920-D68BA46FE974}.Debug|Any CPU.Build.0 = Debug|Any CPU
		{F7CAC956-AF4E-4469-8920-D68BA46FE974}.Debug|x64.ActiveCfg = Debug|Any CPU
		{F7CAC956-AF4E-4469-8920-D68BA46FE974}.Debug|x64.Build.0 = Debug|Any CPU
		{F7CAC956-AF4E-4469-8920-D68BA46FE974}.Debug|x86.ActiveCfg = Debug|Any CPU
		{F7CAC956-AF4E-4469-8920-D68BA46FE974}.Debug|x86.Build.0 = Debug|Any CPU
		{F7CAC956-AF4E-4469-8920-D68BA46FE974}.Release|Any CPU.ActiveCfg = Release|Any CPU
		{F7CAC956-AF4E-4469-8920-D68BA46FE974}.Release|Any CPU.Build.0 = Release|Any CPU
		{F7CAC956-AF4E-4469-8920-D68BA46FE974}.Release|x64.ActiveCfg = Release|Any CPU
		{F7CAC956-AF4E-4469-8920-D68BA46FE974}.Release|x64.Build.0 = Release|Any CPU
		{F7CAC956-AF4E-4469-8920-D68BA46FE974}.Release|x86.ActiveCfg = Release|Any CPU
		{F7CAC956-AF4E-4469-8920-D68BA46FE974}.Release|x86.Build.0 = Release|Any CPU
		{084DF862-3967-4766-A3D3-A2B575241F99}.Debug|Any CPU.ActiveCfg = Debug|Any CPU
		{084DF862-3967-4766-A3D3-A2B575241F99}.Debug|Any CPU.Build.0 = Debug|Any CPU
		{084DF862-3967-4766-A3D3-A2B575241F99}.Debug|x64.ActiveCfg = Debug|Any CPU
		{084DF862-3967-4766-A3D3-A2B575241F99}.Debug|x64.Build.0 = Debug|Any CPU
		{084DF862-3967-4766-A3D3-A2B575241F99}.Debug|x86.ActiveCfg = Debug|Any CPU
		{084DF862-3967-4766-A3D3-A2B575241F99}.Debug|x86.Build.0 = Debug|Any CPU
		{084DF862-3967-4766-A3D3-A2B575241F99}.Release|Any CPU.ActiveCfg = Release|Any CPU
		{084DF862-3967-4766-A3D3-A2B575241F99}.Release|Any CPU.Build.0 = Release|Any CPU
		{084DF862-3967-4766-A3D3-A2B575241F99}.Release|x64.ActiveCfg = Release|Any CPU
		{084DF862-3967-4766-A3D3-A2B575241F99}.Release|x64.Build.0 = Release|Any CPU
		{084DF862-3967-4766-A3D3-A2B575241F99}.Release|x86.ActiveCfg = Release|Any CPU
		{084DF862-3967-4766-A3D3-A2B575241F99}.Release|x86.Build.0 = Release|Any CPU
		{0F10B313-88CF-4F34-8E6A-4549EE051846}.Debug|Any CPU.ActiveCfg = Debug|Any CPU
		{0F10B313-88CF-4F34-8E6A-4549EE051846}.Debug|Any CPU.Build.0 = Debug|Any CPU
		{0F10B313-88CF-4F34-8E6A-4549EE051846}.Debug|x64.ActiveCfg = Debug|Any CPU
		{0F10B313-88CF-4F34-8E6A-4549EE051846}.Debug|x64.Build.0 = Debug|Any CPU
		{0F10B313-88CF-4F34-8E6A-4549EE051846}.Debug|x86.ActiveCfg = Debug|Any CPU
		{0F10B313-88CF-4F34-8E6A-4549EE051846}.Debug|x86.Build.0 = Debug|Any CPU
		{0F10B313-88CF-4F34-8E6A-4549EE051846}.Release|Any CPU.ActiveCfg = Release|Any CPU
		{0F10B313-88CF-4F34-8E6A-4549EE051846}.Release|Any CPU.Build.0 = Release|Any CPU
		{0F10B313-88CF-4F34-8E6A-4549EE051846}.Release|x64.ActiveCfg = Release|Any CPU
		{0F10B313-88CF-4F34-8E6A-4549EE051846}.Release|x64.Build.0 = Release|Any CPU
		{0F10B313-88CF-4F34-8E6A-4549EE051846}.Release|x86.ActiveCfg = Release|Any CPU
		{0F10B313-88CF-4F34-8E6A-4549EE051846}.Release|x86.Build.0 = Release|Any CPU
		{C65BF043-0424-4330-B929-C29797FAA85B}.Debug|Any CPU.ActiveCfg = Debug|Any CPU
		{C65BF043-0424-4330-B929-C29797FAA85B}.Debug|Any CPU.Build.0 = Debug|Any CPU
		{C65BF043-0424-4330-B929-C29797FAA85B}.Debug|x64.ActiveCfg = Debug|Any CPU
		{C65BF043-0424-4330-B929-C29797FAA85B}.Debug|x64.Build.0 = Debug|Any CPU
		{C65BF043-0424-4330-B929-C29797FAA85B}.Debug|x86.ActiveCfg = Debug|Any CPU
		{C65BF043-0424-4330-B929-C29797FAA85B}.Debug|x86.Build.0 = Debug|Any CPU
		{C65BF043-0424-4330-B929-C29797FAA85B}.Release|Any CPU.ActiveCfg = Release|Any CPU
		{C65BF043-0424-4330-B929-C29797FAA85B}.Release|Any CPU.Build.0 = Release|Any CPU
		{C65BF043-0424-4330-B929-C29797FAA85B}.Release|x64.ActiveCfg = Release|Any CPU
		{C65BF043-0424-4330-B929-C29797FAA85B}.Release|x64.Build.0 = Release|Any CPU
		{C65BF043-0424-4330-B929-C29797FAA85B}.Release|x86.ActiveCfg = Release|Any CPU
		{C65BF043-0424-4330-B929-C29797FAA85B}.Release|x86.Build.0 = Release|Any CPU
		{0E1D1BBC-4288-424B-929A-B182C8D71D82}.Debug|Any CPU.ActiveCfg = Debug|Any CPU
		{0E1D1BBC-4288-424B-929A-B182C8D71D82}.Debug|Any CPU.Build.0 = Debug|Any CPU
		{0E1D1BBC-4288-424B-929A-B182C8D71D82}.Debug|x64.ActiveCfg = Debug|Any CPU
		{0E1D1BBC-4288-424B-929A-B182C8D71D82}.Debug|x64.Build.0 = Debug|Any CPU
		{0E1D1BBC-4288-424B-929A-B182C8D71D82}.Debug|x86.ActiveCfg = Debug|Any CPU
		{0E1D1BBC-4288-424B-929A-B182C8D71D82}.Debug|x86.Build.0 = Debug|Any CPU
		{0E1D1BBC-4288-424B-929A-B182C8D71D82}.Release|Any CPU.ActiveCfg = Release|Any CPU
		{0E1D1BBC-4288-424B-929A-B182C8D71D82}.Release|Any CPU.Build.0 = Release|Any CPU
		{0E1D1BBC-4288-424B-929A-B182C8D71D82}.Release|x64.ActiveCfg = Release|Any CPU
		{0E1D1BBC-4288-424B-929A-B182C8D71D82}.Release|x64.Build.0 = Release|Any CPU
		{0E1D1BBC-4288-424B-929A-B182C8D71D82}.Release|x86.ActiveCfg = Release|Any CPU
		{0E1D1BBC-4288-424B-929A-B182C8D71D82}.Release|x86.Build.0 = Release|Any CPU
	EndGlobalSection
	GlobalSection(SolutionProperties) = preSolution
		HideSolutionNode = FALSE
	EndGlobalSection
	GlobalSection(NestedProjects) = preSolution
		{52630A80-5445-4073-8BCC-84C6A98C58FF} = {827E0CD3-B72D-47B6-A68D-7590B98EB39B}
		{F7CAC956-AF4E-4469-8920-D68BA46FE974} = {827E0CD3-B72D-47B6-A68D-7590B98EB39B}
		{084DF862-3967-4766-A3D3-A2B575241F99} = {827E0CD3-B72D-47B6-A68D-7590B98EB39B}
		{0F10B313-88CF-4F34-8E6A-4549EE051846} = {827E0CD3-B72D-47B6-A68D-7590B98EB39B}
		{C65BF043-0424-4330-B929-C29797FAA85B} = {0AB3BF05-4346-4AA6-1389-037BE0695223}
		{0E1D1BBC-4288-424B-929A-B182C8D71D82} = {0AB3BF05-4346-4AA6-1389-037BE0695223}
	EndGlobalSection
EndGlobal
